
Microsoft Visual Studio Solution File, Format Version 12.00
# Visual Studio Version 16
VisualStudioVersion = 16.0.29728.190
MinimumVisualStudioVersion = 10.0.40219.1
Project("{FAE04EC0-301F-11D3-BF4B-00C04F79EFBC}") = "Capstone_Donation_API", "Capstone_Donation_API\Capstone_Donation_API.csproj", "{427ED402-480C-4467-A21C-4F39F6096D07}"
EndProject
Global
	GlobalSection(SolutionConfigurationPlatforms) = preSolution
		Debug|Any CPU = Debug|Any CPU
		Release|Any CPU = Release|Any CPU
	EndGlobalSection
	GlobalSection(ProjectConfigurationPlatforms) = postSolution
		{427ED402-480C-4467-A21C-4F39F6096D07}.Debug|Any CPU.ActiveCfg = Debug|Any CPU
		{427ED402-480C-4467-A21C-4F39F6096D07}.Debug|Any CPU.Build.0 = Debug|Any CPU
		{427ED402-480C-4467-A21C-4F39F6096D07}.Release|Any CPU.ActiveCfg = Release|Any CPU
		{427ED402-480C-4467-A21C-4F39F6096D07}.Release|Any CPU.Build.0 = Release|Any CPU
	EndGlobalSection
	GlobalSection(SolutionProperties) = preSolution
		HideSolutionNode = FALSE
	EndGlobalSection
	GlobalSection(ExtensibilityGlobals) = postSolution
		SolutionGuid = {D29EB1F0-CFBC-4739-93A4-5722A55FB16E}
	EndGlobalSection
EndGlobal
